
Microsoft Visual Studio Solution File, Format Version 12.00
# Visual Studio Version 16
VisualStudioVersion = 16.0.29806.167
MinimumVisualStudioVersion = 10.0.40219.1
Project("{FAE04EC0-301F-11D3-BF4B-00C04F79EFBC}") = "AppCradle", "AppCradle.csproj", "{B6BBDBBC-6385-4960-B829-992F73140D83}"
EndProject
Global
	GlobalSection(SolutionConfigurationPlatforms) = preSolution
		Debug|Any CPU = Debug|Any CPU
		Release|Any CPU = Release|Any CPU
	EndGlobalSection
	GlobalSection(ProjectConfigurationPlatforms) = postSolution
		{B6BBDBBC-6385-4960-B829-992F73140D83}.Debug|Any CPU.ActiveCfg = Debug|Any CPU
		{B6BBDBBC-6385-4960-B829-992F73140D83}.Debug|Any CPU.Build.0 = Debug|Any CPU
		{B6BBDBBC-6385-4960-B829-992F73140D83}.Release|Any CPU.ActiveCfg = Release|Any CPU
		{B6BBDBBC-6385-4960-B829-992F73140D83}.Release|Any CPU.Build.0 = Release|Any CPU
	EndGlobalSection
	GlobalSection(SolutionProperties) = preSolution
		HideSolutionNode = FALSE
	EndGlobalSection
	GlobalSection(ExtensibilityGlobals) = postSolution
		SolutionGuid = {117CE21F-FE11-4E7B-9107-D2B011095F64}
	EndGlobalSection
EndGlobal
